// !$*UTF8*$!
{
	archiveVersion = 1;
	classes = {
	};
	objectVersion = 53;
	objects = {

/* Begin PBXBuildFile section */
		8E609DDE270ABF72004B25BB /* ViewController2.swift in Sources */ = {isa = PBXBuildFile; fileRef = 8E609DDD270ABF72004B25BB /* ViewController2.swift */; };
		8E609DE0270ACF6B004B25BB /* AppConstants.swift in Sources */ = {isa = PBXBuildFile; fileRef = 8E609DDF270ACF6B004B25BB /* AppConstants.swift */; };
		FE8415F327057972002882B9 /* AppDelegate.swift in Sources */ = {isa = PBXBuildFile; fileRef = FE8415F227057972002882B9 /* AppDelegate.swift */; };
		FE8415F527057972002882B9 /* SceneDelegate.swift in Sources */ = {isa = PBXBuildFile; fileRef = FE8415F427057972002882B9 /* SceneDelegate.swift */; };
		FE8415F727057972002882B9 /* ViewController.swift in Sources */ = {isa = PBXBuildFile; fileRef = FE8415F627057972002882B9 /* ViewController.swift */; };
		FE8415FA27057972002882B9 /* Main.storyboard in Resources */ = {isa = PBXBuildFile; fileRef = FE8415F827057972002882B9 /* Main.storyboard */; };
		FE8415FC27057974002882B9 /* Assets.xcassets in Resources */ = {isa = PBXBuildFile; fileRef = FE8415FB27057974002882B9 /* Assets.xcassets */; };
		FE8415FF27057974002882B9 /* LaunchScreen.storyboard in Resources */ = {isa = PBXBuildFile; fileRef = FE8415FD27057974002882B9 /* LaunchScreen.storyboard */; };
		FE84160A27057975002882B9 /* TPPlayerTests.swift in Sources */ = {isa = PBXBuildFile; fileRef = FE84160927057975002882B9 /* TPPlayerTests.swift */; };
		FE84161427057975002882B9 /* TPPlayerUITests.swift in Sources */ = {isa = PBXBuildFile; fileRef = FE84161327057975002882B9 /* TPPlayerUITests.swift */; };
		FE84161627057975002882B9 /* TPPlayerUITestsLaunchTests.swift in Sources */ = {isa = PBXBuildFile; fileRef = FE84161527057975002882B9 /* TPPlayerUITestsLaunchTests.swift */; };
		FE841638270579BA002882B9 /* PlayerViewController.swift in Sources */ = {isa = PBXBuildFile; fileRef = FE841637270579BA002882B9 /* PlayerViewController.swift */; };
		FE84163B27057A87002882B9 /* video2.mp4 in Resources */ = {isa = PBXBuildFile; fileRef = FE84163927057A87002882B9 /* video2.mp4 */; };
		FE84163C27057A87002882B9 /* video.mp4 in Resources */ = {isa = PBXBuildFile; fileRef = FE84163A27057A87002882B9 /* video.mp4 */; };
		FE84166C27074904002882B9 /* Scrubber.swift in Sources */ = {isa = PBXBuildFile; fileRef = FE84166B27074904002882B9 /* Scrubber.swift */; };
		FE84166E2707494A002882B9 /* TextLayer.swift in Sources */ = {isa = PBXBuildFile; fileRef = FE84166D2707494A002882B9 /* TextLayer.swift */; };
		FE841670270749B7002882B9 /* Math.swift in Sources */ = {isa = PBXBuildFile; fileRef = FE84166F270749B7002882B9 /* Math.swift */; };
		FE84167227074C6B002882B9 /* Loader.swift in Sources */ = {isa = PBXBuildFile; fileRef = FE84167127074C6B002882B9 /* Loader.swift */; };
		FEF76A9C270A91410050B807 /* ResizeButton.swift in Sources */ = {isa = PBXBuildFile; fileRef = FEF76A9B270A91410050B807 /* ResizeButton.swift */; };
		FEF76A9E270A91D10050B807 /* ControlButtons.swift in Sources */ = {isa = PBXBuildFile; fileRef = FEF76A9D270A91D10050B807 /* ControlButtons.swift */; };
		FEF76AA0270A95D10050B807 /* VideoPlayerControls.swift in Sources */ = {isa = PBXBuildFile; fileRef = FEF76A9F270A95D10050B807 /* VideoPlayerControls.swift */; };
		FEF76AA2270A967B0050B807 /* CircleRippleView.swift in Sources */ = {isa = PBXBuildFile; fileRef = FEF76AA1270A967B0050B807 /* CircleRippleView.swift */; };
		FEF76AA4270AB0260050B807 /* Ripple.swift in Sources */ = {isa = PBXBuildFile; fileRef = FEF76AA3270AB0260050B807 /* Ripple.swift */; };
/* End PBXBuildFile section */

/* Begin PBXContainerItemProxy section */
		FE84160627057975002882B9 /* PBXContainerItemProxy */ = {
			isa = PBXContainerItemProxy;
			containerPortal = FE8415E727057972002882B9 /* Project object */;
			proxyType = 1;
			remoteGlobalIDString = FE8415EE27057972002882B9;
			remoteInfo = TPPlayer;
		};
		FE84161027057975002882B9 /* PBXContainerItemProxy */ = {
			isa = PBXContainerItemProxy;
			containerPortal = FE8415E727057972002882B9 /* Project object */;
			proxyType = 1;
			remoteGlobalIDString = FE8415EE27057972002882B9;
			remoteInfo = TPPlayer;
		};
/* End PBXContainerItemProxy section */

/* Begin PBXFileReference section */
		8E609DDD270ABF72004B25BB /* ViewController2.swift */ = {isa = PBXFileReference; lastKnownFileType = sourcecode.swift; path = ViewController2.swift; sourceTree = "<group>"; };
		8E609DDF270ACF6B004B25BB /* AppConstants.swift */ = {isa = PBXFileReference; lastKnownFileType = sourcecode.swift; path = AppConstants.swift; sourceTree = "<group>"; };
		FE8415EF27057972002882B9 /* TPPlayer.app */ = {isa = PBXFileReference; explicitFileType = wrapper.application; includeInIndex = 0; path = TPPlayer.app; sourceTree = BUILT_PRODUCTS_DIR; };
		FE8415F227057972002882B9 /* AppDelegate.swift */ = {isa = PBXFileReference; lastKnownFileType = sourcecode.swift; path = AppDelegate.swift; sourceTree = "<group>"; };
		FE8415F427057972002882B9 /* SceneDelegate.swift */ = {isa = PBXFileReference; lastKnownFileType = sourcecode.swift; path = SceneDelegate.swift; sourceTree = "<group>"; };
		FE8415F627057972002882B9 /* ViewController.swift */ = {isa = PBXFileReference; lastKnownFileType = sourcecode.swift; path = ViewController.swift; sourceTree = "<group>"; };
		FE8415F927057972002882B9 /* Base */ = {isa = PBXFileReference; lastKnownFileType = file.storyboard; name = Base; path = Base.lproj/Main.storyboard; sourceTree = "<group>"; };
		FE8415FB27057974002882B9 /* Assets.xcassets */ = {isa = PBXFileReference; lastKnownFileType = folder.assetcatalog; path = Assets.xcassets; sourceTree = "<group>"; };
		FE8415FE27057974002882B9 /* Base */ = {isa = PBXFileReference; lastKnownFileType = file.storyboard; name = Base; path = Base.lproj/LaunchScreen.storyboard; sourceTree = "<group>"; };
		FE84160027057974002882B9 /* Info.plist */ = {isa = PBXFileReference; lastKnownFileType = text.plist.xml; path = Info.plist; sourceTree = "<group>"; };
		FE84160527057975002882B9 /* TPPlayerTests.xctest */ = {isa = PBXFileReference; explicitFileType = wrapper.cfbundle; includeInIndex = 0; path = TPPlayerTests.xctest; sourceTree = BUILT_PRODUCTS_DIR; };
		FE84160927057975002882B9 /* TPPlayerTests.swift */ = {isa = PBXFileReference; lastKnownFileType = sourcecode.swift; path = TPPlayerTests.swift; sourceTree = "<group>"; };
		FE84160F27057975002882B9 /* TPPlayerUITests.xctest */ = {isa = PBXFileReference; explicitFileType = wrapper.cfbundle; includeInIndex = 0; path = TPPlayerUITests.xctest; sourceTree = BUILT_PRODUCTS_DIR; };
		FE84161327057975002882B9 /* TPPlayerUITests.swift */ = {isa = PBXFileReference; lastKnownFileType = sourcecode.swift; path = TPPlayerUITests.swift; sourceTree = "<group>"; };
		FE84161527057975002882B9 /* TPPlayerUITestsLaunchTests.swift */ = {isa = PBXFileReference; lastKnownFileType = sourcecode.swift; path = TPPlayerUITestsLaunchTests.swift; sourceTree = "<group>"; };
		FE841637270579BA002882B9 /* PlayerViewController.swift */ = {isa = PBXFileReference; lastKnownFileType = sourcecode.swift; path = PlayerViewController.swift; sourceTree = "<group>"; };
		FE84163927057A87002882B9 /* video2.mp4 */ = {isa = PBXFileReference; lastKnownFileType = file; path = video2.mp4; sourceTree = "<group>"; };
		FE84163A27057A87002882B9 /* video.mp4 */ = {isa = PBXFileReference; lastKnownFileType = file; path = video.mp4; sourceTree = "<group>"; };
		FE84166B27074904002882B9 /* Scrubber.swift */ = {isa = PBXFileReference; lastKnownFileType = sourcecode.swift; path = Scrubber.swift; sourceTree = "<group>"; };
		FE84166D2707494A002882B9 /* TextLayer.swift */ = {isa = PBXFileReference; lastKnownFileType = sourcecode.swift; path = TextLayer.swift; sourceTree = "<group>"; };
		FE84166F270749B7002882B9 /* Math.swift */ = {isa = PBXFileReference; lastKnownFileType = sourcecode.swift; path = Math.swift; sourceTree = "<group>"; };
		FE84167127074C6B002882B9 /* Loader.swift */ = {isa = PBXFileReference; lastKnownFileType = sourcecode.swift; path = Loader.swift; sourceTree = "<group>"; };
		FEF76A9B270A91410050B807 /* ResizeButton.swift */ = {isa = PBXFileReference; lastKnownFileType = sourcecode.swift; path = ResizeButton.swift; sourceTree = "<group>"; };
		FEF76A9D270A91D10050B807 /* ControlButtons.swift */ = {isa = PBXFileReference; lastKnownFileType = sourcecode.swift; path = ControlButtons.swift; sourceTree = "<group>"; };
		FEF76A9F270A95D10050B807 /* VideoPlayerControls.swift */ = {isa = PBXFileReference; lastKnownFileType = sourcecode.swift; path = VideoPlayerControls.swift; sourceTree = "<group>"; };
		FEF76AA1270A967B0050B807 /* CircleRippleView.swift */ = {isa = PBXFileReference; lastKnownFileType = sourcecode.swift; path = CircleRippleView.swift; sourceTree = "<group>"; };
		FEF76AA3270AB0260050B807 /* Ripple.swift */ = {isa = PBXFileReference; lastKnownFileType = sourcecode.swift; path = Ripple.swift; sourceTree = "<group>"; };
/* End PBXFileReference section */

/* Begin PBXFrameworksBuildPhase section */
		FE8415EC27057972002882B9 /* Frameworks */ = {
			isa = PBXFrameworksBuildPhase;
			buildActionMask = 2147483647;
			files = (
			);
			runOnlyForDeploymentPostprocessing = 0;
		};
		FE84160227057974002882B9 /* Frameworks */ = {
			isa = PBXFrameworksBuildPhase;
			buildActionMask = 2147483647;
			files = (
			);
			runOnlyForDeploymentPostprocessing = 0;
		};
		FE84160C27057975002882B9 /* Frameworks */ = {
			isa = PBXFrameworksBuildPhase;
			buildActionMask = 2147483647;
			files = (
			);
			runOnlyForDeploymentPostprocessing = 0;
		};
/* End PBXFrameworksBuildPhase section */

/* Begin PBXGroup section */
		FE8415E627057972002882B9 = {
			isa = PBXGroup;
			children = (
				FE8415F127057972002882B9 /* TPPlayer */,
				FE84160827057975002882B9 /* TPPlayerTests */,
				FE84161227057975002882B9 /* TPPlayerUITests */,
				FE8415F027057972002882B9 /* Products */,
			);
			sourceTree = "<group>";
		};
		FE8415F027057972002882B9 /* Products */ = {
			isa = PBXGroup;
			children = (
				FE8415EF27057972002882B9 /* TPPlayer.app */,
				FE84160527057975002882B9 /* TPPlayerTests.xctest */,
				FE84160F27057975002882B9 /* TPPlayerUITests.xctest */,
			);
			name = Products;
			sourceTree = "<group>";
		};
		FE8415F127057972002882B9 /* TPPlayer */ = {
			isa = PBXGroup;
			children = (
				FE84163A27057A87002882B9 /* video.mp4 */,
				FE84163927057A87002882B9 /* video2.mp4 */,
				FE841622270579A7002882B9 /* Sources */,
				FE8415F227057972002882B9 /* AppDelegate.swift */,
				FE8415F427057972002882B9 /* SceneDelegate.swift */,
				FE8415F627057972002882B9 /* ViewController.swift */,
				FE8415F827057972002882B9 /* Main.storyboard */,
				FE8415FB27057974002882B9 /* Assets.xcassets */,
				FE8415FD27057974002882B9 /* LaunchScreen.storyboard */,
				FE84160027057974002882B9 /* Info.plist */,
				FE841637270579BA002882B9 /* PlayerViewController.swift */,
				8E609DDD270ABF72004B25BB /* ViewController2.swift */,
			);
			path = TPPlayer;
			sourceTree = "<group>";
		};
		FE84160827057975002882B9 /* TPPlayerTests */ = {
			isa = PBXGroup;
			children = (
				FE84160927057975002882B9 /* TPPlayerTests.swift */,
			);
			path = TPPlayerTests;
			sourceTree = "<group>";
		};
		FE84161227057975002882B9 /* TPPlayerUITests */ = {
			isa = PBXGroup;
			children = (
				FE84161327057975002882B9 /* TPPlayerUITests.swift */,
				FE84161527057975002882B9 /* TPPlayerUITestsLaunchTests.swift */,
			);
			path = TPPlayerUITests;
			sourceTree = "<group>";
		};
		FE841622270579A7002882B9 /* Sources */ = {
			isa = PBXGroup;
			children = (
				FE84166B27074904002882B9 /* Scrubber.swift */,
				FE84166D2707494A002882B9 /* TextLayer.swift */,
				FE84166F270749B7002882B9 /* Math.swift */,
				FE84167127074C6B002882B9 /* Loader.swift */,
				FEF76A9B270A91410050B807 /* ResizeButton.swift */,
				FEF76A9D270A91D10050B807 /* ControlButtons.swift */,
				FEF76A9F270A95D10050B807 /* VideoPlayerControls.swift */,
				FEF76AA1270A967B0050B807 /* CircleRippleView.swift */,
				FEF76AA3270AB0260050B807 /* Ripple.swift */,
				8E609DDF270ACF6B004B25BB /* AppConstants.swift */,
			);
			path = Sources;
			sourceTree = "<group>";
		};
/* End PBXGroup section */

/* Begin PBXNativeTarget section */
		FE8415EE27057972002882B9 /* TPPlayer */ = {
			isa = PBXNativeTarget;
			buildConfigurationList = FE84161927057975002882B9 /* Build configuration list for PBXNativeTarget "TPPlayer" */;
			buildPhases = (
				FE8415EB27057972002882B9 /* Sources */,
				FE8415EC27057972002882B9 /* Frameworks */,
				FE8415ED27057972002882B9 /* Resources */,
			);
			buildRules = (
			);
			dependencies = (
			);
			name = TPPlayer;
			productName = TPPlayer;
			productReference = FE8415EF27057972002882B9 /* TPPlayer.app */;
			productType = "com.apple.product-type.application";
		};
		FE84160427057974002882B9 /* TPPlayerTests */ = {
			isa = PBXNativeTarget;
			buildConfigurationList = FE84161C27057975002882B9 /* Build configuration list for PBXNativeTarget "TPPlayerTests" */;
			buildPhases = (
				FE84160127057974002882B9 /* Sources */,
				FE84160227057974002882B9 /* Frameworks */,
				FE84160327057974002882B9 /* Resources */,
			);
			buildRules = (
			);
			dependencies = (
				FE84160727057975002882B9 /* PBXTargetDependency */,
			);
			name = TPPlayerTests;
			productName = TPPlayerTests;
			productReference = FE84160527057975002882B9 /* TPPlayerTests.xctest */;
			productType = "com.apple.product-type.bundle.unit-test";
		};
		FE84160E27057975002882B9 /* TPPlayerUITests */ = {
			isa = PBXNativeTarget;
			buildConfigurationList = FE84161F27057975002882B9 /* Build configuration list for PBXNativeTarget "TPPlayerUITests" */;
			buildPhases = (
				FE84160B27057975002882B9 /* Sources */,
				FE84160C27057975002882B9 /* Frameworks */,
				FE84160D27057975002882B9 /* Resources */,
			);
			buildRules = (
			);
			dependencies = (
				FE84161127057975002882B9 /* PBXTargetDependency */,
			);
			name = TPPlayerUITests;
			productName = TPPlayerUITests;
			productReference = FE84160F27057975002882B9 /* TPPlayerUITests.xctest */;
			productType = "com.apple.product-type.bundle.ui-testing";
		};
/* End PBXNativeTarget section */

/* Begin PBXProject section */
		FE8415E727057972002882B9 /* Project object */ = {
			isa = PBXProject;
			attributes = {
				BuildIndependentTargetsInParallel = 1;
				LastSwiftUpdateCheck = 1300;
				LastUpgradeCheck = 1300;
				TargetAttributes = {
					FE8415EE27057972002882B9 = {
						CreatedOnToolsVersion = 13.0;
					};
					FE84160427057974002882B9 = {
						CreatedOnToolsVersion = 13.0;
						TestTargetID = FE8415EE27057972002882B9;
					};
					FE84160E27057975002882B9 = {
						CreatedOnToolsVersion = 13.0;
						TestTargetID = FE8415EE27057972002882B9;
					};
				};
			};
			buildConfigurationList = FE8415EA27057972002882B9 /* Build configuration list for PBXProject "TPPlayer" */;
			compatibilityVersion = "Xcode 10.0";
			developmentRegion = en;
			hasScannedForEncodings = 0;
			knownRegions = (
				en,
				Base,
			);
			mainGroup = FE8415E627057972002882B9;
			productRefGroup = FE8415F027057972002882B9 /* Products */;
			projectDirPath = "";
			projectRoot = "";
			targets = (
				FE8415EE27057972002882B9 /* TPPlayer */,
				FE84160427057974002882B9 /* TPPlayerTests */,
				FE84160E27057975002882B9 /* TPPlayerUITests */,
			);
		};
/* End PBXProject section */

/* Begin PBXResourcesBuildPhase section */
		FE8415ED27057972002882B9 /* Resources */ = {
			isa = PBXResourcesBuildPhase;
			buildActionMask = 2147483647;
			files = (
				FE8415FF27057974002882B9 /* LaunchScreen.storyboard in Resources */,
				FE84163C27057A87002882B9 /* video.mp4 in Resources */,
				FE8415FC27057974002882B9 /* Assets.xcassets in Resources */,
				FE84163B27057A87002882B9 /* video2.mp4 in Resources */,
				FE8415FA27057972002882B9 /* Main.storyboard in Resources */,
			);
			runOnlyForDeploymentPostprocessing = 0;
		};
		FE84160327057974002882B9 /* Resources */ = {
			isa = PBXResourcesBuildPhase;
			buildActionMask = 2147483647;
			files = (
			);
			runOnlyForDeploymentPostprocessing = 0;
		};
		FE84160D27057975002882B9 /* Resources */ = {
			isa = PBXResourcesBuildPhase;
			buildActionMask = 2147483647;
			files = (
			);
			runOnlyForDeploymentPostprocessing = 0;
		};
/* End PBXResourcesBuildPhase section */

/* Begin PBXSourcesBuildPhase section */
		FE8415EB27057972002882B9 /* Sources */ = {
			isa = PBXSourcesBuildPhase;
			buildActionMask = 2147483647;
			files = (
				FE8415F727057972002882B9 /* ViewController.swift in Sources */,
				FEF76A9E270A91D10050B807 /* ControlButtons.swift in Sources */,
				FE8415F327057972002882B9 /* AppDelegate.swift in Sources */,
				FE84166C27074904002882B9 /* Scrubber.swift in Sources */,
				8E609DE0270ACF6B004B25BB /* AppConstants.swift in Sources */,
				FE841670270749B7002882B9 /* Math.swift in Sources */,
				FE841638270579BA002882B9 /* PlayerViewController.swift in Sources */,
				FEF76AA2270A967B0050B807 /* CircleRippleView.swift in Sources */,
				8E609DDE270ABF72004B25BB /* ViewController2.swift in Sources */,
				FE84166E2707494A002882B9 /* TextLayer.swift in Sources */,
				FE84167227074C6B002882B9 /* Loader.swift in Sources */,
				FEF76AA4270AB0260050B807 /* Ripple.swift in Sources */,
				FEF76AA0270A95D10050B807 /* VideoPlayerControls.swift in Sources */,
				FEF76A9C270A91410050B807 /* ResizeButton.swift in Sources */,
				FE8415F527057972002882B9 /* SceneDelegate.swift in Sources */,
			);
			runOnlyForDeploymentPostprocessing = 0;
		};
		FE84160127057974002882B9 /* Sources */ = {
			isa = PBXSourcesBuildPhase;
			buildActionMask = 2147483647;
			files = (
				FE84160A27057975002882B9 /* TPPlayerTests.swift in Sources */,
			);
			runOnlyForDeploymentPostprocessing = 0;
		};
		FE84160B27057975002882B9 /* Sources */ = {
			isa = PBXSourcesBuildPhase;
			buildActionMask = 2147483647;
			files = (
				FE84161627057975002882B9 /* TPPlayerUITestsLaunchTests.swift in Sources */,
				FE84161427057975002882B9 /* TPPlayerUITests.swift in Sources */,
			);
			runOnlyForDeploymentPostprocessing = 0;
		};
/* End PBXSourcesBuildPhase section */

/* Begin PBXTargetDependency section */
		FE84160727057975002882B9 /* PBXTargetDependency */ = {
			isa = PBXTargetDependency;
			target = FE8415EE27057972002882B9 /* TPPlayer */;
			targetProxy = FE84160627057975002882B9 /* PBXContainerItemProxy */;
		};
		FE84161127057975002882B9 /* PBXTargetDependency */ = {
			isa = PBXTargetDependency;
			target = FE8415EE27057972002882B9 /* TPPlayer */;
			targetProxy = FE84161027057975002882B9 /* PBXContainerItemProxy */;
		};
/* End PBXTargetDependency section */

/* Begin PBXVariantGroup section */
		FE8415F827057972002882B9 /* Main.storyboard */ = {
			isa = PBXVariantGroup;
			children = (
				FE8415F927057972002882B9 /* Base */,
			);
			name = Main.storyboard;
			sourceTree = "<group>";
		};
		FE8415FD27057974002882B9 /* LaunchScreen.storyboard */ = {
			isa = PBXVariantGroup;
			children = (
				FE8415FE27057974002882B9 /* Base */,
			);
			name = LaunchScreen.storyboard;
			sourceTree = "<group>";
		};
/* End PBXVariantGroup section */

/* Begin XCBuildConfiguration section */
		FE84161727057975002882B9 /* Debug */ = {
			isa = XCBuildConfiguration;
			buildSettings = {
				ALWAYS_SEARCH_USER_PATHS = NO;
				CLANG_ANALYZER_NONNULL = YES;
				CLANG_ANALYZER_NUMBER_OBJECT_CONVERSION = YES_AGGRESSIVE;
				CLANG_CXX_LANGUAGE_STANDARD = "gnu++17";
				CLANG_CXX_LIBRARY = "libc++";
				CLANG_ENABLE_MODULES = YES;
				CLANG_ENABLE_OBJC_ARC = YES;
				CLANG_ENABLE_OBJC_WEAK = YES;
				CLANG_WARN_BLOCK_CAPTURE_AUTORELEASING = YES;
				CLANG_WARN_BOOL_CONVERSION = YES;
				CLANG_WARN_COMMA = YES;
				CLANG_WARN_CONSTANT_CONVERSION = YES;
				CLANG_WARN_DEPRECATED_OBJC_IMPLEMENTATIONS = YES;
				CLANG_WARN_DIRECT_OBJC_ISA_USAGE = YES_ERROR;
				CLANG_WARN_DOCUMENTATION_COMMENTS = YES;
				CLANG_WARN_EMPTY_BODY = YES;
				CLANG_WARN_ENUM_CONVERSION = YES;
				CLANG_WARN_INFINITE_RECURSION = YES;
				CLANG_WARN_INT_CONVERSION = YES;
				CLANG_WARN_NON_LITERAL_NULL_CONVERSION = YES;
				CLANG_WARN_OBJC_IMPLICIT_RETAIN_SELF = YES;
				CLANG_WARN_OBJC_LITERAL_CONVERSION = YES;
				CLANG_WARN_OBJC_ROOT_CLASS = YES_ERROR;
				CLANG_WARN_QUOTED_INCLUDE_IN_FRAMEWORK_HEADER = YES;
				CLANG_WARN_RANGE_LOOP_ANALYSIS = YES;
				CLANG_WARN_STRICT_PROTOTYPES = YES;
				CLANG_WARN_SUSPICIOUS_MOVE = YES;
				CLANG_WARN_UNGUARDED_AVAILABILITY = YES_AGGRESSIVE;
				CLANG_WARN_UNREACHABLE_CODE = YES;
				CLANG_WARN__DUPLICATE_METHOD_MATCH = YES;
				COPY_PHASE_STRIP = NO;
				DEBUG_INFORMATION_FORMAT = dwarf;
				ENABLE_STRICT_OBJC_MSGSEND = YES;
				ENABLE_TESTABILITY = YES;
				GCC_C_LANGUAGE_STANDARD = gnu11;
				GCC_DYNAMIC_NO_PIC = NO;
				GCC_NO_COMMON_BLOCKS = YES;
				GCC_OPTIMIZATION_LEVEL = 0;
				GCC_PREPROCESSOR_DEFINITIONS = (
					"DEBUG=1",
					"$(inherited)",
				);
				GCC_WARN_64_TO_32_BIT_CONVERSION = YES;
				GCC_WARN_ABOUT_RETURN_TYPE = YES_ERROR;
				GCC_WARN_UNDECLARED_SELECTOR = YES;
				GCC_WARN_UNINITIALIZED_AUTOS = YES_AGGRESSIVE;
				GCC_WARN_UNUSED_FUNCTION = YES;
				GCC_WARN_UNUSED_VARIABLE = YES;
				IPHONEOS_DEPLOYMENT_TARGET = 13.0;
				MTL_ENABLE_DEBUG_INFO = INCLUDE_SOURCE;
				MTL_FAST_MATH = YES;
				ONLY_ACTIVE_ARCH = YES;
				SDKROOT = iphoneos;
				SWIFT_ACTIVE_COMPILATION_CONDITIONS = DEBUG;
				SWIFT_OPTIMIZATION_LEVEL = "-Onone";
			};
			name = Debug;
		};
		FE84161827057975002882B9 /* Release */ = {
			isa = XCBuildConfiguration;
			buildSettings = {
				ALWAYS_SEARCH_USER_PATHS = NO;
				CLANG_ANALYZER_NONNULL = YES;
				CLANG_ANALYZER_NUMBER_OBJECT_CONVERSION = YES_AGGRESSIVE;
				CLANG_CXX_LANGUAGE_STANDARD = "gnu++17";
				CLANG_CXX_LIBRARY = "libc++";
				CLANG_ENABLE_MODULES = YES;
				CLANG_ENABLE_OBJC_ARC = YES;
				CLANG_ENABLE_OBJC_WEAK = YES;
				CLANG_WARN_BLOCK_CAPTURE_AUTORELEASING = YES;
				CLANG_WARN_BOOL_CONVERSION = YES;
				CLANG_WARN_COMMA = YES;
				CLANG_WARN_CONSTANT_CONVERSION = YES;
				CLANG_WARN_DEPRECATED_OBJC_IMPLEMENTATIONS = YES;
				CLANG_WARN_DIRECT_OBJC_ISA_USAGE = YES_ERROR;
				CLANG_WARN_DOCUMENTATION_COMMENTS = YES;
				CLANG_WARN_EMPTY_BODY = YES;
				CLANG_WARN_ENUM_CONVERSION = YES;
				CLANG_WARN_INFINITE_RECURSION = YES;
				CLANG_WARN_INT_CONVERSION = YES;
				CLANG_WARN_NON_LITERAL_NULL_CONVERSION = YES;
				CLANG_WARN_OBJC_IMPLICIT_RETAIN_SELF = YES;
				CLANG_WARN_OBJC_LITERAL_CONVERSION = YES;
				CLANG_WARN_OBJC_ROOT_CLASS = YES_ERROR;
				CLANG_WARN_QUOTED_INCLUDE_IN_FRAMEWORK_HEADER = YES;
				CLANG_WARN_RANGE_LOOP_ANALYSIS = YES;
				CLANG_WARN_STRICT_PROTOTYPES = YES;
				CLANG_WARN_SUSPICIOUS_MOVE = YES;
				CLANG_WARN_UNGUARDED_AVAILABILITY = YES_AGGRESSIVE;
				CLANG_WARN_UNREACHABLE_CODE = YES;
				CLANG_WARN__DUPLICATE_METHOD_MATCH = YES;
				COPY_PHASE_STRIP = NO;
				DEBUG_INFORMATION_FORMAT = "dwarf-with-dsym";
				ENABLE_NS_ASSERTIONS = NO;
				ENABLE_STRICT_OBJC_MSGSEND = YES;
				GCC_C_LANGUAGE_STANDARD = gnu11;
				GCC_NO_COMMON_BLOCKS = YES;
				GCC_WARN_64_TO_32_BIT_CONVERSION = YES;
				GCC_WARN_ABOUT_RETURN_TYPE = YES_ERROR;
				GCC_WARN_UNDECLARED_SELECTOR = YES;
				GCC_WARN_UNINITIALIZED_AUTOS = YES_AGGRESSIVE;
				GCC_WARN_UNUSED_FUNCTION = YES;
				GCC_WARN_UNUSED_VARIABLE = YES;
				IPHONEOS_DEPLOYMENT_TARGET = 13.0;
				MTL_ENABLE_DEBUG_INFO = NO;
				MTL_FAST_MATH = YES;
				SDKROOT = iphoneos;
				SWIFT_COMPILATION_MODE = wholemodule;
				SWIFT_OPTIMIZATION_LEVEL = "-O";
				VALIDATE_PRODUCT = YES;
			};
			name = Release;
		};
		FE84161A27057975002882B9 /* Debug */ = {
			isa = XCBuildConfiguration;
			buildSettings = {
				ASSETCATALOG_COMPILER_APPICON_NAME = AppIcon;
				ASSETCATALOG_COMPILER_GLOBAL_ACCENT_COLOR_NAME = AccentColor;
				CODE_SIGN_STYLE = Automatic;
				CURRENT_PROJECT_VERSION = 1;
				DEVELOPMENT_TEAM = 7755R4CX4U;
				GENERATE_INFOPLIST_FILE = YES;
				INFOPLIST_FILE = TPPlayer/Info.plist;
				INFOPLIST_KEY_UIApplicationSupportsIndirectInputEvents = YES;
				INFOPLIST_KEY_UILaunchStoryboardName = LaunchScreen;
				INFOPLIST_KEY_UIMainStoryboardFile = Main;
				INFOPLIST_KEY_UISupportedInterfaceOrientations_iPad = "UIInterfaceOrientationPortrait UIInterfaceOrientationPortraitUpsideDown UIInterfaceOrientationLandscapeLeft UIInterfaceOrientationLandscapeRight";
				INFOPLIST_KEY_UISupportedInterfaceOrientations_iPhone = "UIInterfaceOrientationPortrait UIInterfaceOrientationLandscapeLeft UIInterfaceOrientationLandscapeRight";
				IPHONEOS_DEPLOYMENT_TARGET = 13.0;
				LD_RUNPATH_SEARCH_PATHS = (
					"$(inherited)",
					"@executable_path/Frameworks",
				);
				MARKETING_VERSION = 1.0;
				PRODUCT_BUNDLE_IDENTIFIER = beta.ftel.cmr.camera;
				PRODUCT_NAME = "$(TARGET_NAME)";
				SWIFT_EMIT_LOC_STRINGS = YES;
				SWIFT_VERSION = 5.0;
				TARGETED_DEVICE_FAMILY = "1,2";
			};
			name = Debug;
		};
		FE84161B27057975002882B9 /* Release */ = {
			isa = XCBuildConfiguration;
			buildSettings = {
				ASSETCATALOG_COMPILER_APPICON_NAME = AppIcon;
				ASSETCATALOG_COMPILER_GLOBAL_ACCENT_COLOR_NAME = AccentColor;
				CODE_SIGN_STYLE = Automatic;
				CURRENT_PROJECT_VERSION = 1;
				DEVELOPMENT_TEAM = 7755R4CX4U;
				GENERATE_INFOPLIST_FILE = YES;
				INFOPLIST_FILE = TPPlayer/Info.plist;
				INFOPLIST_KEY_UIApplicationSupportsIndirectInputEvents = YES;
				INFOPLIST_KEY_UILaunchStoryboardName = LaunchScreen;
				INFOPLIST_KEY_UIMainStoryboardFile = Main;
				INFOPLIST_KEY_UISupportedInterfaceOrientations_iPad = "UIInterfaceOrientationPortrait UIInterfaceOrientationPortraitUpsideDown UIInterfaceOrientationLandscapeLeft UIInterfaceOrientationLandscapeRight";
				INFOPLIST_KEY_UISupportedInterfaceOrientations_iPhone = "UIInterfaceOrientationPortrait UIInterfaceOrientationLandscapeLeft UIInterfaceOrientationLandscapeRight";
				IPHONEOS_DEPLOYMENT_TARGET = 13.0;
				LD_RUNPATH_SEARCH_PATHS = (
					"$(inherited)",
					"@executable_path/Frameworks",
				);
				MARKETING_VERSION = 1.0;
				PRODUCT_BUNDLE_IDENTIFIER = beta.ftel.cmr.camera;
				PRODUCT_NAME = "$(TARGET_NAME)";
				SWIFT_EMIT_LOC_STRINGS = YES;
				SWIFT_VERSION = 5.0;
				TARGETED_DEVICE_FAMILY = "1,2";
			};
			name = Release;
		};
		FE84161D27057975002882B9 /* Debug */ = {
			isa = XCBuildConfiguration;
			buildSettings = {
				ALWAYS_EMBED_SWIFT_STANDARD_LIBRARIES = YES;
				BUNDLE_LOADER = "$(TEST_HOST)";
				CODE_SIGN_STYLE = Automatic;
				CURRENT_PROJECT_VERSION = 1;
				GENERATE_INFOPLIST_FILE = YES;
				IPHONEOS_DEPLOYMENT_TARGET = 15.0;
				LD_RUNPATH_SEARCH_PATHS = (
					"$(inherited)",
					"@executable_path/Frameworks",
					"@loader_path/Frameworks",
				);
				MARKETING_VERSION = 1.0;
				PRODUCT_BUNDLE_IDENTIFIER = TrucPham.TPPlayerTests;
				PRODUCT_NAME = "$(TARGET_NAME)";
				SWIFT_EMIT_LOC_STRINGS = NO;
				SWIFT_VERSION = 5.0;
				TARGETED_DEVICE_FAMILY = "1,2";
				TEST_HOST = "$(BUILT_PRODUCTS_DIR)/TPPlayer.app/TPPlayer";
			};
			name = Debug;
		};
		FE84161E27057975002882B9 /* Release */ = {
			isa = XCBuildConfiguration;
			buildSettings = {
				ALWAYS_EMBED_SWIFT_STANDARD_LIBRARIES = YES;
				BUNDLE_LOADER = "$(TEST_HOST)";
				CODE_SIGN_STYLE = Automatic;
				CURRENT_PROJECT_VERSION = 1;
				GENERATE_INFOPLIST_FILE = YES;
				IPHONEOS_DEPLOYMENT_TARGET = 15.0;
				LD_RUNPATH_SEARCH_PATHS = (
					"$(inherited)",
					"@executable_path/Frameworks",
					"@loader_path/Frameworks",
				);
				MARKETING_VERSION = 1.0;
				PRODUCT_BUNDLE_IDENTIFIER = TrucPham.TPPlayerTests;
				PRODUCT_NAME = "$(TARGET_NAME)";
				SWIFT_EMIT_LOC_STRINGS = NO;
				SWIFT_VERSION = 5.0;
				TARGETED_DEVICE_FAMILY = "1,2";
				TEST_HOST = "$(BUILT_PRODUCTS_DIR)/TPPlayer.app/TPPlayer";
			};
			name = Release;
		};
		FE84162027057975002882B9 /* Debug */ = {
			isa = XCBuildConfiguration;
			buildSettings = {
				ALWAYS_EMBED_SWIFT_STANDARD_LIBRARIES = YES;
				CODE_SIGN_STYLE = Automatic;
				CURRENT_PROJECT_VERSION = 1;
				GENERATE_INFOPLIST_FILE = YES;
				LD_RUNPATH_SEARCH_PATHS = (
					"$(inherited)",
					"@executable_path/Frameworks",
					"@loader_path/Frameworks",
				);
				MARKETING_VERSION = 1.0;
				PRODUCT_BUNDLE_IDENTIFIER = TrucPham.TPPlayerUITests;
				PRODUCT_NAME = "$(TARGET_NAME)";
				SWIFT_EMIT_LOC_STRINGS = NO;
				SWIFT_VERSION = 5.0;
				TARGETED_DEVICE_FAMILY = "1,2";
				TEST_TARGET_NAME = TPPlayer;
			};
			name = Debug;
		};
		FE84162127057975002882B9 /* Release */ = {
			isa = XCBuildConfiguration;
			buildSettings = {
				ALWAYS_EMBED_SWIFT_STANDARD_LIBRARIES = YES;
				CODE_SIGN_STYLE = Automatic;
				CURRENT_PROJECT_VERSION = 1;
				GENERATE_INFOPLIST_FILE = YES;
				LD_RUNPATH_SEARCH_PATHS = (
					"$(inherited)",
					"@executable_path/Frameworks",
					"@loader_path/Frameworks",
				);
				MARKETING_VERSION = 1.0;
				PRODUCT_BUNDLE_IDENTIFIER = TrucPham.TPPlayerUITests;
				PRODUCT_NAME = "$(TARGET_NAME)";
				SWIFT_EMIT_LOC_STRINGS = NO;
				SWIFT_VERSION = 5.0;
				TARGETED_DEVICE_FAMILY = "1,2";
				TEST_TARGET_NAME = TPPlayer;
			};
			name = Release;
		};
/* End XCBuildConfiguration section */

/* Begin XCConfigurationList section */
		FE8415EA27057972002882B9 /* Build configuration list for PBXProject "TPPlayer" */ = {
			isa = XCConfigurationList;
			buildConfigurations = (
				FE84161727057975002882B9 /* Debug */,
				FE84161827057975002882B9 /* Release */,
			);
			defaultConfigurationIsVisible = 0;
			defaultConfigurationName = Release;
		};
		FE84161927057975002882B9 /* Build configuration list for PBXNativeTarget "TPPlayer" */ = {
			isa = XCConfigurationList;
			buildConfigurations = (
				FE84161A27057975002882B9 /* Debug */,
				FE84161B27057975002882B9 /* Release */,
			);
			defaultConfigurationIsVisible = 0;
			defaultConfigurationName = Release;
		};
		FE84161C27057975002882B9 /* Build configuration list for PBXNativeTarget "TPPlayerTests" */ = {
			isa = XCConfigurationList;
			buildConfigurations = (
				FE84161D27057975002882B9 /* Debug */,
				FE84161E27057975002882B9 /* Release */,
			);
			defaultConfigurationIsVisible = 0;
			defaultConfigurationName = Release;
		};
		FE84161F27057975002882B9 /* Build configuration list for PBXNativeTarget "TPPlayerUITests" */ = {
			isa = XCConfigurationList;
			buildConfigurations = (
				FE84162027057975002882B9 /* Debug */,
				FE84162127057975002882B9 /* Release */,
			);
			defaultConfigurationIsVisible = 0;
			defaultConfigurationName = Release;
		};
/* End XCConfigurationList section */
	};
	rootObject = FE8415E727057972002882B9 /* Project object */;
}
